
Microsoft Visual Studio Solution File, Format Version 12.00
# Visual Studio Version 16
VisualStudioVersion = 16.0.31624.102
MinimumVisualStudioVersion = 10.0.40219.1
Project("{8BC9CEB8-8B4A-11D0-8D11-00A0C91BC942}") = "nastya_laba_3.2", "nastya_laba_3.2\nastya_laba_3.2.vcxproj", "{BBEDB904-8BC5-4971-BD51-9992D4F06FF0}"
EndProject
Global
	GlobalSection(SolutionConfigurationPlatforms) = preSolution
		Debug|x64 = Debug|x64
		Debug|x86 = Debug|x86
		Release|x64 = Release|x64
		Release|x86 = Release|x86
	EndGlobalSection
	GlobalSection(ProjectConfigurationPlatforms) = postSolution
		{BBEDB904-8BC5-4971-BD51-9992D4F06FF0}.Debug|x64.ActiveCfg = Debug|x64
		{BBEDB904-8BC5-4971-BD51-9992D4F06FF0}.Debug|x64.Build.0 = Debug|x64
		{BBEDB904-8BC5-4971-BD51-9992D4F06FF0}.Debug|x86.ActiveCfg = Debug|Win32
		{BBEDB904-8BC5-4971-BD51-9992D4F06FF0}.Debug|x86.Build.0 = Debug|Win32
		{BBEDB904-8BC5-4971-BD51-9992D4F06FF0}.Release|x64.ActiveCfg = Release|x64
		{BBEDB904-8BC5-4971-BD51-9992D4F06FF0}.Release|x64.Build.0 = Release|x64
		{BBEDB904-8BC5-4971-BD51-9992D4F06FF0}.Release|x86.ActiveCfg = Release|Win32
		{BBEDB904-8BC5-4971-BD51-9992D4F06FF0}.Release|x86.Build.0 = Release|Win32
	EndGlobalSection
	GlobalSection(SolutionProperties) = preSolution
		HideSolutionNode = FALSE
	EndGlobalSection
	GlobalSection(ExtensibilityGlobals) = postSolution
		SolutionGuid = {7B2E0E96-7881-4E86-8D15-2A11D962CC47}
	EndGlobalSection
EndGlobal
